# Generated by buf. DO NOT EDIT.
version: v1
deps:
  - remote: buf.build
    owner: bufbuild
    repository: protovalidate
    commit: 7a34d65573494ff9b109d74fcce48c5f
    digest: shake256:194f9049a7e9674d1f725972f25b0bd813076e4b963ded49ef147f70004047e30d5ebe526c22ee1edafdc44d7f7644e893166d410bbd84aaced08ed322cc1aaa
