# Generated by buf. DO NOT EDIT.
version: v1
deps:
  - remote: buf.build
    owner: bufbuild
    repository: protovalidate
    commit: 7712fb530c574b95bc1d57c0877543c3
    digest: shake256:0137420a82a7894405a9fc43ef0ccaa0e49b8899aa850b124694f31d68ba2167c5d8199611dbe35becf8668cd89a7e98e29e5560ef15f01bfe1a431281206ce7
