# Generated by buf. DO NOT EDIT.
version: v1
deps:
  - remote: buf.build
    owner: bufbuild
    repository: protovalidate
    commit: 6a0c4b5cd7314dd19653e9700da8ca37
    digest: shake256:17a7dfc6a9c6d59497206ca410bea566d3cd0ab57afe647a99bb9f3070d7c763b1d817dda9e3c876126fd81229fc6a3f889b1995898e98d4df345225569d839d
