# Generated by buf. DO NOT EDIT.
version: v1
deps:
  - remote: buf.build
    owner: bufbuild
    repository: protovalidate
    commit: a6c49f84cc0f4e038680d390392e2ab0
    digest: shake256:3deb629c655e469d87c58babcfbed403275a741fb4a269366c4fd6ea9db012cf562a1e64819508d73670c506f96d01f724c43bc97b44e2e02aa6e8bbdd160ab2
  - remote: buf.build
    owner: googleapis
    repository: googleapis
    commit: 2bbd25900cb34c79bae97d85c948d3cf
    digest: shake256:a6446e23f4408160217c22738a0c8c370ff3ff966f601d678960b803829cf53b5cf5998d20fcb3f9c9be944b24337843e7beb6e681ddbf9d036fb6491c0e47e7
