# Generated by buf. DO NOT EDIT.
version: v1
deps:
  - remote: buf.build
    owner: bufbuild
    repository: protovalidate
    commit: a3320276596649bcad929ac829d451f4
    digest: shake256:a6e5f64fd3fd47e3e8568e9753f59a1566f56c11ec055baf65463d3bca3499f6f16c2d6f5628fa41cfd0f4fa7e72abe65be4efd77d269749492472ed4cc4070d
